
Microsoft Visual Studio Solution File, Format Version 12.00
# Visual Studio Version 17
VisualStudioVersion = 17.5.002.0
MinimumVisualStudioVersion = 10.0.40219.1
Project("{9A19103F-16F7-4668-BE54-9A1E7A4F7556}") = "ResistorColorTrio", "ResistorColorTrio.csproj", "{1BFFDDB9-6C08-469D-84D0-C1F066DCA5ED}"
EndProject
Global
	GlobalSection(SolutionConfigurationPlatforms) = preSolution
		Debug|Any CPU = Debug|Any CPU
		Release|Any CPU = Release|Any CPU
	EndGlobalSection
	GlobalSection(ProjectConfigurationPlatforms) = postSolution
		{1BFFDDB9-6C08-469D-84D0-C1F066DCA5ED}.Debug|Any CPU.ActiveCfg = Debug|Any CPU
		{1BFFDDB9-6C08-469D-84D0-C1F066DCA5ED}.Debug|Any CPU.Build.0 = Debug|Any CPU
		{1BFFDDB9-6C08-469D-84D0-C1F066DCA5ED}.Release|Any CPU.ActiveCfg = Release|Any CPU
		{1BFFDDB9-6C08-469D-84D0-C1F066DCA5ED}.Release|Any CPU.Build.0 = Release|Any CPU
	EndGlobalSection
	GlobalSection(SolutionProperties) = preSolution
		HideSolutionNode = FALSE
	EndGlobalSection
	GlobalSection(ExtensibilityGlobals) = postSolution
		SolutionGuid = {759F07E7-862B-4D89-852D-BDC0BC702970}
	EndGlobalSection
EndGlobal
