
Microsoft Visual Studio Solution File, Format Version 12.00
# Visual Studio Version 17
VisualStudioVersion = 17.5.002.0
MinimumVisualStudioVersion = 10.0.40219.1
Project("{9A19103F-16F7-4668-BE54-9A1E7A4F7556}") = "Matrix", "Matrix.csproj", "{8D2B745D-971B-4D16-BC0E-7A5EA3FC5AA2}"
EndProject
Global
	GlobalSection(SolutionConfigurationPlatforms) = preSolution
		Debug|Any CPU = Debug|Any CPU
		Release|Any CPU = Release|Any CPU
	EndGlobalSection
	GlobalSection(ProjectConfigurationPlatforms) = postSolution
		{8D2B745D-971B-4D16-BC0E-7A5EA3FC5AA2}.Debug|Any CPU.ActiveCfg = Debug|Any CPU
		{8D2B745D-971B-4D16-BC0E-7A5EA3FC5AA2}.Debug|Any CPU.Build.0 = Debug|Any CPU
		{8D2B745D-971B-4D16-BC0E-7A5EA3FC5AA2}.Release|Any CPU.ActiveCfg = Release|Any CPU
		{8D2B745D-971B-4D16-BC0E-7A5EA3FC5AA2}.Release|Any CPU.Build.0 = Release|Any CPU
	EndGlobalSection
	GlobalSection(SolutionProperties) = preSolution
		HideSolutionNode = FALSE
	EndGlobalSection
	GlobalSection(ExtensibilityGlobals) = postSolution
		SolutionGuid = {31069EAD-7BB2-4E05-ADF7-878903EC001D}
	EndGlobalSection
EndGlobal
