
Microsoft Visual Studio Solution File, Format Version 12.00
# Visual Studio Version 17
VisualStudioVersion = 17.5.002.0
MinimumVisualStudioVersion = 10.0.40219.1
Project("{9A19103F-16F7-4668-BE54-9A1E7A4F7556}") = "RobotName", "RobotName.csproj", "{2FD5492A-A789-4E21-9FC0-CC60035957D0}"
EndProject
Global
	GlobalSection(SolutionConfigurationPlatforms) = preSolution
		Debug|Any CPU = Debug|Any CPU
		Release|Any CPU = Release|Any CPU
	EndGlobalSection
	GlobalSection(ProjectConfigurationPlatforms) = postSolution
		{2FD5492A-A789-4E21-9FC0-CC60035957D0}.Debug|Any CPU.ActiveCfg = Debug|Any CPU
		{2FD5492A-A789-4E21-9FC0-CC60035957D0}.Debug|Any CPU.Build.0 = Debug|Any CPU
		{2FD5492A-A789-4E21-9FC0-CC60035957D0}.Release|Any CPU.ActiveCfg = Release|Any CPU
		{2FD5492A-A789-4E21-9FC0-CC60035957D0}.Release|Any CPU.Build.0 = Release|Any CPU
	EndGlobalSection
	GlobalSection(SolutionProperties) = preSolution
		HideSolutionNode = FALSE
	EndGlobalSection
	GlobalSection(ExtensibilityGlobals) = postSolution
		SolutionGuid = {8468A090-2194-4818-9BCD-76A7B798C9EB}
	EndGlobalSection
EndGlobal
